// !$*UTF8*$!
{
	archiveVersion = 1;
	classes = {
	};
	objectVersion = 47;
	objects = {

/* Begin PBXBuildFile section */
		1E8E24441E43C6E500E2B3FC /* AppDelegate.swift in Sources */ = {isa = PBXBuildFile; fileRef = 1E8E24431E43C6E500E2B3FC /* AppDelegate.swift */; };
		1E8E24461E43C6E500E2B3FC /* ViewController.swift in Sources */ = {isa = PBXBuildFile; fileRef = 1E8E24451E43C6E500E2B3FC /* ViewController.swift */; };
		1E8E24481E43C6E500E2B3FC /* Assets.xcassets in Resources */ = {isa = PBXBuildFile; fileRef = 1E8E24471E43C6E500E2B3FC /* Assets.xcassets */; };
		1E8E244B1E43C6E500E2B3FC /* Main.storyboard in Resources */ = {isa = PBXBuildFile; fileRef = 1E8E24491E43C6E500E2B3FC /* Main.storyboard */; };
		1E8E24561E43C6E500E2B3FC /* controllTests.swift in Sources */ = {isa = PBXBuildFile; fileRef = 1E8E24551E43C6E500E2B3FC /* controllTests.swift */; };
		1E8E24611E43C6E500E2B3FC /* controllUITests.swift in Sources */ = {isa = PBXBuildFile; fileRef = 1E8E24601E43C6E500E2B3FC /* controllUITests.swift */; };
		1E8E246F1E43D9F400E2B3FC /* StatusMenuController.swift in Sources */ = {isa = PBXBuildFile; fileRef = 1E8E246E1E43D9F400E2B3FC /* StatusMenuController.swift */; };
		1E8E24781E43E66100E2B3FC /* I2PControl.swift in Sources */ = {isa = PBXBuildFile; fileRef = 1E8E24771E43E66100E2B3FC /* I2PControl.swift */; };
		1E8E24921E43F9A500E2B3FC /* Alamofire.framework in Frameworks */ = {isa = PBXBuildFile; fileRef = 1E8E24891E43F80000E2B3FC /* Alamofire.framework */; };
		1E8E24931E43F9A500E2B3FC /* Alamofire.framework in Embed Frameworks */ = {isa = PBXBuildFile; fileRef = 1E8E24891E43F80000E2B3FC /* Alamofire.framework */; settings = {ATTRIBUTES = (CodeSignOnCopy, RemoveHeadersOnCopy, ); }; };
		1E8E24991E440C9E00E2B3FC /* SwiftyJSON.swift in Sources */ = {isa = PBXBuildFile; fileRef = 1E8E24981E440C9E00E2B3FC /* SwiftyJSON.swift */; };
		1E8E24A01E44D5C100E2B3FC /* tunnel.conf in Resources */ = {isa = PBXBuildFile; fileRef = 1E8E249F1E44D5C100E2B3FC /* tunnel.conf */; };
		1E8E24A21E45848500E2B3FC /* README in Resources */ = {isa = PBXBuildFile; fileRef = 1E8E24A11E45848500E2B3FC /* README */; };
/* End PBXBuildFile section */

/* Begin PBXContainerItemProxy section */
		1E8E24521E43C6E500E2B3FC /* PBXContainerItemProxy */ = {
			isa = PBXContainerItemProxy;
			containerPortal = 1E8E24381E43C6E500E2B3FC /* Project object */;
			proxyType = 1;
			remoteGlobalIDString = 1E8E243F1E43C6E500E2B3FC;
			remoteInfo = controll;
		};
		1E8E245D1E43C6E500E2B3FC /* PBXContainerItemProxy */ = {
			isa = PBXContainerItemProxy;
			containerPortal = 1E8E24381E43C6E500E2B3FC /* Project object */;
			proxyType = 1;
			remoteGlobalIDString = 1E8E243F1E43C6E500E2B3FC;
			remoteInfo = controll;
		};
		1E8E24841E43F80000E2B3FC /* PBXContainerItemProxy */ = {
			isa = PBXContainerItemProxy;
			containerPortal = 1E8E24791E43F80000E2B3FC /* Alamofire.xcodeproj */;
			proxyType = 2;
			remoteGlobalIDString = F8111E3319A95C8B0040E7D1;
			remoteInfo = "Alamofire iOS";
		};
		1E8E24861E43F80000E2B3FC /* PBXContainerItemProxy */ = {
			isa = PBXContainerItemProxy;
			containerPortal = 1E8E24791E43F80000E2B3FC /* Alamofire.xcodeproj */;
			proxyType = 2;
			remoteGlobalIDString = F8111E3E19A95C8B0040E7D1;
			remoteInfo = "Alamofire iOS Tests";
		};
		1E8E24881E43F80000E2B3FC /* PBXContainerItemProxy */ = {
			isa = PBXContainerItemProxy;
			containerPortal = 1E8E24791E43F80000E2B3FC /* Alamofire.xcodeproj */;
			proxyType = 2;
			remoteGlobalIDString = 4DD67C0B1A5C55C900ED2280;
			remoteInfo = "Alamofire macOS";
		};
		1E8E248A1E43F80000E2B3FC /* PBXContainerItemProxy */ = {
			isa = PBXContainerItemProxy;
			containerPortal = 1E8E24791E43F80000E2B3FC /* Alamofire.xcodeproj */;
			proxyType = 2;
			remoteGlobalIDString = F829C6B21A7A94F100A2CD59;
			remoteInfo = "Alamofire macOS Tests";
		};
		1E8E248C1E43F80000E2B3FC /* PBXContainerItemProxy */ = {
			isa = PBXContainerItemProxy;
			containerPortal = 1E8E24791E43F80000E2B3FC /* Alamofire.xcodeproj */;
			proxyType = 2;
			remoteGlobalIDString = 4CF626EF1BA7CB3E0011A099;
			remoteInfo = "Alamofire tvOS";
		};
		1E8E248E1E43F80000E2B3FC /* PBXContainerItemProxy */ = {
			isa = PBXContainerItemProxy;
			containerPortal = 1E8E24791E43F80000E2B3FC /* Alamofire.xcodeproj */;
			proxyType = 2;
			remoteGlobalIDString = 4CF626F81BA7CB3E0011A099;
			remoteInfo = "Alamofire tvOS Tests";
		};
		1E8E24901E43F80000E2B3FC /* PBXContainerItemProxy */ = {
			isa = PBXContainerItemProxy;
			containerPortal = 1E8E24791E43F80000E2B3FC /* Alamofire.xcodeproj */;
			proxyType = 2;
			remoteGlobalIDString = E4202FE01B667AA100C997FB;
			remoteInfo = "Alamofire watchOS";
		};
		1E8E24941E43F9A500E2B3FC /* PBXContainerItemProxy */ = {
			isa = PBXContainerItemProxy;
			containerPortal = 1E8E24791E43F80000E2B3FC /* Alamofire.xcodeproj */;
			proxyType = 1;
			remoteGlobalIDString = 4DD67C0A1A5C55C900ED2280;
			remoteInfo = "Alamofire macOS";
		};
/* End PBXContainerItemProxy section */

/* Begin PBXCopyFilesBuildPhase section */
		1E8E24731E43E39F00E2B3FC /* Embed Frameworks */ = {
			isa = PBXCopyFilesBuildPhase;
			buildActionMask = 2147483647;
			dstPath = "";
			dstSubfolderSpec = 10;
			files = (
				1E8E24931E43F9A500E2B3FC /* Alamofire.framework in Embed Frameworks */,
			);
			name = "Embed Frameworks";
			runOnlyForDeploymentPostprocessing = 0;
		};
		1E8E24741E43E3EB00E2B3FC /* CopyFiles */ = {
			isa = PBXCopyFilesBuildPhase;
			buildActionMask = 2147483647;
			dstPath = "";
			dstSubfolderSpec = 16;
			files = (
			);
			runOnlyForDeploymentPostprocessing = 0;
		};
/* End PBXCopyFilesBuildPhase section */

/* Begin PBXFileReference section */
		1E8E24401E43C6E500E2B3FC /* controll.app */ = {isa = PBXFileReference; explicitFileType = wrapper.application; includeInIndex = 0; path = controll.app; sourceTree = BUILT_PRODUCTS_DIR; };
		1E8E24431E43C6E500E2B3FC /* AppDelegate.swift */ = {isa = PBXFileReference; lastKnownFileType = sourcecode.swift; path = AppDelegate.swift; sourceTree = "<group>"; };
		1E8E24451E43C6E500E2B3FC /* ViewController.swift */ = {isa = PBXFileReference; lastKnownFileType = sourcecode.swift; path = ViewController.swift; sourceTree = "<group>"; };
		1E8E24471E43C6E500E2B3FC /* Assets.xcassets */ = {isa = PBXFileReference; lastKnownFileType = folder.assetcatalog; path = Assets.xcassets; sourceTree = "<group>"; };
		1E8E244A1E43C6E500E2B3FC /* Base */ = {isa = PBXFileReference; lastKnownFileType = file.storyboard; name = Base; path = Base.lproj/Main.storyboard; sourceTree = "<group>"; };
		1E8E244C1E43C6E500E2B3FC /* Info.plist */ = {isa = PBXFileReference; lastKnownFileType = text.plist.xml; path = Info.plist; sourceTree = "<group>"; };
		1E8E24511E43C6E500E2B3FC /* controllTests.xctest */ = {isa = PBXFileReference; explicitFileType = wrapper.cfbundle; includeInIndex = 0; path = controllTests.xctest; sourceTree = BUILT_PRODUCTS_DIR; };
		1E8E24551E43C6E500E2B3FC /* controllTests.swift */ = {isa = PBXFileReference; lastKnownFileType = sourcecode.swift; path = controllTests.swift; sourceTree = "<group>"; };
		1E8E24571E43C6E500E2B3FC /* Info.plist */ = {isa = PBXFileReference; lastKnownFileType = text.plist.xml; path = Info.plist; sourceTree = "<group>"; };
		1E8E245C1E43C6E500E2B3FC /* controllUITests.xctest */ = {isa = PBXFileReference; explicitFileType = wrapper.cfbundle; includeInIndex = 0; path = controllUITests.xctest; sourceTree = BUILT_PRODUCTS_DIR; };
		1E8E24601E43C6E500E2B3FC /* controllUITests.swift */ = {isa = PBXFileReference; lastKnownFileType = sourcecode.swift; path = controllUITests.swift; sourceTree = "<group>"; };
		1E8E24621E43C6E500E2B3FC /* Info.plist */ = {isa = PBXFileReference; lastKnownFileType = text.plist.xml; path = Info.plist; sourceTree = "<group>"; };
		1E8E246E1E43D9F400E2B3FC /* StatusMenuController.swift */ = {isa = PBXFileReference; fileEncoding = 4; lastKnownFileType = sourcecode.swift; path = StatusMenuController.swift; sourceTree = "<group>"; };
		1E8E24771E43E66100E2B3FC /* I2PControl.swift */ = {isa = PBXFileReference; fileEncoding = 4; lastKnownFileType = sourcecode.swift; path = I2PControl.swift; sourceTree = "<group>"; };
		1E8E24791E43F80000E2B3FC /* Alamofire.xcodeproj */ = {isa = PBXFileReference; lastKnownFileType = "wrapper.pb-project"; name = Alamofire.xcodeproj; path = Alamofire/Alamofire.xcodeproj; sourceTree = "<group>"; };
		1E8E24981E440C9E00E2B3FC /* SwiftyJSON.swift */ = {isa = PBXFileReference; fileEncoding = 4; lastKnownFileType = sourcecode.swift; path = SwiftyJSON.swift; sourceTree = "<group>"; };
		1E8E249F1E44D5C100E2B3FC /* tunnel.conf */ = {isa = PBXFileReference; fileEncoding = 4; lastKnownFileType = text; path = tunnel.conf; sourceTree = "<group>"; };
		1E8E24A11E45848500E2B3FC /* README */ = {isa = PBXFileReference; fileEncoding = 4; lastKnownFileType = text; path = README; sourceTree = "<group>"; };
		1EEC55D51E4C0B7300C119DA /* i2pd */ = {isa = PBXFileReference; lastKnownFileType = folder; path = i2pd; sourceTree = "<group>"; };
/* End PBXFileReference section */

/* Begin PBXFrameworksBuildPhase section */
		1E8E243D1E43C6E500E2B3FC /* Frameworks */ = {
			isa = PBXFrameworksBuildPhase;
			buildActionMask = 2147483647;
			files = (
				1E8E24921E43F9A500E2B3FC /* Alamofire.framework in Frameworks */,
			);
			runOnlyForDeploymentPostprocessing = 0;
		};
		1E8E244E1E43C6E500E2B3FC /* Frameworks */ = {
			isa = PBXFrameworksBuildPhase;
			buildActionMask = 2147483647;
			files = (
			);
			runOnlyForDeploymentPostprocessing = 0;
		};
		1E8E24591E43C6E500E2B3FC /* Frameworks */ = {
			isa = PBXFrameworksBuildPhase;
			buildActionMask = 2147483647;
			files = (
			);
			runOnlyForDeploymentPostprocessing = 0;
		};
/* End PBXFrameworksBuildPhase section */

/* Begin PBXGroup section */
		1E8E24371E43C6E500E2B3FC = {
			isa = PBXGroup;
			children = (
				1E8E24A11E45848500E2B3FC /* README */,
				1E8E249F1E44D5C100E2B3FC /* tunnel.conf */,
				1E8E24791E43F80000E2B3FC /* Alamofire.xcodeproj */,
				1E8E24421E43C6E500E2B3FC /* controll */,
				1E8E24541E43C6E500E2B3FC /* controllTests */,
				1E8E245F1E43C6E500E2B3FC /* controllUITests */,
				1E8E24411E43C6E500E2B3FC /* Products */,
				1EEC55D41E4C0B7300C119DA /* Frameworks */,
			);
			sourceTree = "<group>";
		};
		1E8E24411E43C6E500E2B3FC /* Products */ = {
			isa = PBXGroup;
			children = (
				1E8E24401E43C6E500E2B3FC /* controll.app */,
				1E8E24511E43C6E500E2B3FC /* controllTests.xctest */,
				1E8E245C1E43C6E500E2B3FC /* controllUITests.xctest */,
			);
			name = Products;
			sourceTree = "<group>";
		};
		1E8E24421E43C6E500E2B3FC /* controll */ = {
			isa = PBXGroup;
			children = (
				1E8E24981E440C9E00E2B3FC /* SwiftyJSON.swift */,
				1E8E24431E43C6E500E2B3FC /* AppDelegate.swift */,
				1E8E246E1E43D9F400E2B3FC /* StatusMenuController.swift */,
				1E8E24451E43C6E500E2B3FC /* ViewController.swift */,
				1E8E24471E43C6E500E2B3FC /* Assets.xcassets */,
				1E8E24491E43C6E500E2B3FC /* Main.storyboard */,
				1E8E244C1E43C6E500E2B3FC /* Info.plist */,
				1E8E24771E43E66100E2B3FC /* I2PControl.swift */,
			);
			path = controll;
			sourceTree = "<group>";
		};
		1E8E24541E43C6E500E2B3FC /* controllTests */ = {
			isa = PBXGroup;
			children = (
				1E8E24551E43C6E500E2B3FC /* controllTests.swift */,
				1E8E24571E43C6E500E2B3FC /* Info.plist */,
			);
			path = controllTests;
			sourceTree = "<group>";
		};
		1E8E245F1E43C6E500E2B3FC /* controllUITests */ = {
			isa = PBXGroup;
			children = (
				1E8E24601E43C6E500E2B3FC /* controllUITests.swift */,
				1E8E24621E43C6E500E2B3FC /* Info.plist */,
			);
			path = controllUITests;
			sourceTree = "<group>";
		};
		1E8E247A1E43F80000E2B3FC /* Products */ = {
			isa = PBXGroup;
			children = (
				1E8E24851E43F80000E2B3FC /* Alamofire.framework */,
				1E8E24871E43F80000E2B3FC /* Alamofire iOS Tests.xctest */,
				1E8E24891E43F80000E2B3FC /* Alamofire.framework */,
				1E8E248B1E43F80000E2B3FC /* Alamofire macOS Tests.xctest */,
				1E8E248D1E43F80000E2B3FC /* Alamofire.framework */,
				1E8E248F1E43F80000E2B3FC /* Alamofire tvOS Tests.xctest */,
				1E8E24911E43F80000E2B3FC /* Alamofire.framework */,
			);
			name = Products;
			sourceTree = "<group>";
		};
		1EEC55D41E4C0B7300C119DA /* Frameworks */ = {
			isa = PBXGroup;
			children = (
				1EEC55D51E4C0B7300C119DA /* i2pd */,
			);
			name = Frameworks;
			sourceTree = "<group>";
		};
/* End PBXGroup section */

/* Begin PBXNativeTarget section */
		1E8E243F1E43C6E500E2B3FC /* controll */ = {
			isa = PBXNativeTarget;
			buildConfigurationList = 1E8E24651E43C6E500E2B3FC /* Build configuration list for PBXNativeTarget "controll" */;
			buildPhases = (
				1E8E243C1E43C6E500E2B3FC /* Sources */,
				1E8E243D1E43C6E500E2B3FC /* Frameworks */,
				1E8E243E1E43C6E500E2B3FC /* Resources */,
				1E8E24731E43E39F00E2B3FC /* Embed Frameworks */,
				1E8E24741E43E3EB00E2B3FC /* CopyFiles */,
			);
			buildRules = (
			);
			dependencies = (
				1E8E24951E43F9A500E2B3FC /* PBXTargetDependency */,
			);
			name = controll;
			productName = controll;
			productReference = 1E8E24401E43C6E500E2B3FC /* controll.app */;
			productType = "com.apple.product-type.application";
		};
		1E8E24501E43C6E500E2B3FC /* controllTests */ = {
			isa = PBXNativeTarget;
			buildConfigurationList = 1E8E24681E43C6E500E2B3FC /* Build configuration list for PBXNativeTarget "controllTests" */;
			buildPhases = (
				1E8E244D1E43C6E500E2B3FC /* Sources */,
				1E8E244E1E43C6E500E2B3FC /* Frameworks */,
				1E8E244F1E43C6E500E2B3FC /* Resources */,
			);
			buildRules = (
			);
			dependencies = (
				1E8E24531E43C6E500E2B3FC /* PBXTargetDependency */,
			);
			name = controllTests;
			productName = controllTests;
			productReference = 1E8E24511E43C6E500E2B3FC /* controllTests.xctest */;
			productType = "com.apple.product-type.bundle.unit-test";
		};
		1E8E245B1E43C6E500E2B3FC /* controllUITests */ = {
			isa = PBXNativeTarget;
			buildConfigurationList = 1E8E246B1E43C6E500E2B3FC /* Build configuration list for PBXNativeTarget "controllUITests" */;
			buildPhases = (
				1E8E24581E43C6E500E2B3FC /* Sources */,
				1E8E24591E43C6E500E2B3FC /* Frameworks */,
				1E8E245A1E43C6E500E2B3FC /* Resources */,
			);
			buildRules = (
			);
			dependencies = (
				1E8E245E1E43C6E500E2B3FC /* PBXTargetDependency */,
			);
			name = controllUITests;
			productName = controllUITests;
			productReference = 1E8E245C1E43C6E500E2B3FC /* controllUITests.xctest */;
			productType = "com.apple.product-type.bundle.ui-testing";
		};
/* End PBXNativeTarget section */

/* Begin PBXProject section */
		1E8E24381E43C6E500E2B3FC /* Project object */ = {
			isa = PBXProject;
			attributes = {
				LastSwiftUpdateCheck = 0820;
				LastUpgradeCheck = 0820;
				ORGANIZATIONNAME = "Purple i2p";
				TargetAttributes = {
					1E8E243F1E43C6E500E2B3FC = {
						CreatedOnToolsVersion = 8.2.1;
						ProvisioningStyle = Automatic;
					};
					1E8E24501E43C6E500E2B3FC = {
						CreatedOnToolsVersion = 8.2.1;
						ProvisioningStyle = Automatic;
						TestTargetID = 1E8E243F1E43C6E500E2B3FC;
					};
					1E8E245B1E43C6E500E2B3FC = {
						CreatedOnToolsVersion = 8.2.1;
						ProvisioningStyle = Automatic;
						TestTargetID = 1E8E243F1E43C6E500E2B3FC;
					};
				};
			};
			buildConfigurationList = 1E8E243B1E43C6E500E2B3FC /* Build configuration list for PBXProject "controll" */;
			compatibilityVersion = "Xcode 6.3";
			developmentRegion = English;
			hasScannedForEncodings = 0;
			knownRegions = (
				en,
				Base,
			);
			mainGroup = 1E8E24371E43C6E500E2B3FC;
			productRefGroup = 1E8E24411E43C6E500E2B3FC /* Products */;
			projectDirPath = "";
			projectReferences = (
				{
					ProductGroup = 1E8E247A1E43F80000E2B3FC /* Products */;
					ProjectRef = 1E8E24791E43F80000E2B3FC /* Alamofire.xcodeproj */;
				},
			);
			projectRoot = "";
			targets = (
				1E8E243F1E43C6E500E2B3FC /* controll */,
				1E8E24501E43C6E500E2B3FC /* controllTests */,
				1E8E245B1E43C6E500E2B3FC /* controllUITests */,
			);
		};
/* End PBXProject section */

/* Begin PBXReferenceProxy section */
		1E8E24851E43F80000E2B3FC /* Alamofire.framework */ = {
			isa = PBXReferenceProxy;
			fileType = wrapper.framework;
			path = Alamofire.framework;
			remoteRef = 1E8E24841E43F80000E2B3FC /* PBXContainerItemProxy */;
			sourceTree = BUILT_PRODUCTS_DIR;
		};
		1E8E24871E43F80000E2B3FC /* Alamofire iOS Tests.xctest */ = {
			isa = PBXReferenceProxy;
			fileType = wrapper.cfbundle;
			path = "Alamofire iOS Tests.xctest";
			remoteRef = 1E8E24861E43F80000E2B3FC /* PBXContainerItemProxy */;
			sourceTree = BUILT_PRODUCTS_DIR;
		};
		1E8E24891E43F80000E2B3FC /* Alamofire.framework */ = {
			isa = PBXReferenceProxy;
			fileType = wrapper.framework;
			path = Alamofire.framework;
			remoteRef = 1E8E24881E43F80000E2B3FC /* PBXContainerItemProxy */;
			sourceTree = BUILT_PRODUCTS_DIR;
		};
		1E8E248B1E43F80000E2B3FC /* Alamofire macOS Tests.xctest */ = {
			isa = PBXReferenceProxy;
			fileType = wrapper.cfbundle;
			path = "Alamofire macOS Tests.xctest";
			remoteRef = 1E8E248A1E43F80000E2B3FC /* PBXContainerItemProxy */;
			sourceTree = BUILT_PRODUCTS_DIR;
		};
		1E8E248D1E43F80000E2B3FC /* Alamofire.framework */ = {
			isa = PBXReferenceProxy;
			fileType = wrapper.framework;
			path = Alamofire.framework;
			remoteRef = 1E8E248C1E43F80000E2B3FC /* PBXContainerItemProxy */;
			sourceTree = BUILT_PRODUCTS_DIR;
		};
		1E8E248F1E43F80000E2B3FC /* Alamofire tvOS Tests.xctest */ = {
			isa = PBXReferenceProxy;
			fileType = wrapper.cfbundle;
			path = "Alamofire tvOS Tests.xctest";
			remoteRef = 1E8E248E1E43F80000E2B3FC /* PBXContainerItemProxy */;
			sourceTree = BUILT_PRODUCTS_DIR;
		};
		1E8E24911E43F80000E2B3FC /* Alamofire.framework */ = {
			isa = PBXReferenceProxy;
			fileType = wrapper.framework;
			path = Alamofire.framework;
			remoteRef = 1E8E24901E43F80000E2B3FC /* PBXContainerItemProxy */;
			sourceTree = BUILT_PRODUCTS_DIR;
		};
/* End PBXReferenceProxy section */

/* Begin PBXResourcesBuildPhase section */
		1E8E243E1E43C6E500E2B3FC /* Resources */ = {
			isa = PBXResourcesBuildPhase;
			buildActionMask = 2147483647;
			files = (
				1E8E24A21E45848500E2B3FC /* README in Resources */,
				1E8E24481E43C6E500E2B3FC /* Assets.xcassets in Resources */,
				1E8E24A01E44D5C100E2B3FC /* tunnel.conf in Resources */,
				1E8E244B1E43C6E500E2B3FC /* Main.storyboard in Resources */,
			);
			runOnlyForDeploymentPostprocessing = 0;
		};
		1E8E244F1E43C6E500E2B3FC /* Resources */ = {
			isa = PBXResourcesBuildPhase;
			buildActionMask = 2147483647;
			files = (
			);
			runOnlyForDeploymentPostprocessing = 0;
		};
		1E8E245A1E43C6E500E2B3FC /* Resources */ = {
			isa = PBXResourcesBuildPhase;
			buildActionMask = 2147483647;
			files = (
			);
			runOnlyForDeploymentPostprocessing = 0;
		};
/* End PBXResourcesBuildPhase section */

/* Begin PBXSourcesBuildPhase section */
		1E8E243C1E43C6E500E2B3FC /* Sources */ = {
			isa = PBXSourcesBuildPhase;
			buildActionMask = 2147483647;
			files = (
				1E8E246F1E43D9F400E2B3FC /* StatusMenuController.swift in Sources */,
				1E8E24461E43C6E500E2B3FC /* ViewController.swift in Sources */,
				1E8E24441E43C6E500E2B3FC /* AppDelegate.swift in Sources */,
				1E8E24991E440C9E00E2B3FC /* SwiftyJSON.swift in Sources */,
				1E8E24781E43E66100E2B3FC /* I2PControl.swift in Sources */,
			);
			runOnlyForDeploymentPostprocessing = 0;
		};
		1E8E244D1E43C6E500E2B3FC /* Sources */ = {
			isa = PBXSourcesBuildPhase;
			buildActionMask = 2147483647;
			files = (
				1E8E24561E43C6E500E2B3FC /* controllTests.swift in Sources */,
			);
			runOnlyForDeploymentPostprocessing = 0;
		};
		1E8E24581E43C6E500E2B3FC /* Sources */ = {
			isa = PBXSourcesBuildPhase;
			buildActionMask = 2147483647;
			files = (
				1E8E24611E43C6E500E2B3FC /* controllUITests.swift in Sources */,
			);
			runOnlyForDeploymentPostprocessing = 0;
		};
/* End PBXSourcesBuildPhase section */

/* Begin PBXTargetDependency section */
		1E8E24531E43C6E500E2B3FC /* PBXTargetDependency */ = {
			isa = PBXTargetDependency;
			target = 1E8E243F1E43C6E500E2B3FC /* controll */;
			targetProxy = 1E8E24521E43C6E500E2B3FC /* PBXContainerItemProxy */;
		};
		1E8E245E1E43C6E500E2B3FC /* PBXTargetDependency */ = {
			isa = PBXTargetDependency;
			target = 1E8E243F1E43C6E500E2B3FC /* controll */;
			targetProxy = 1E8E245D1E43C6E500E2B3FC /* PBXContainerItemProxy */;
		};
		1E8E24951E43F9A500E2B3FC /* PBXTargetDependency */ = {
			isa = PBXTargetDependency;
			name = "Alamofire macOS";
			targetProxy = 1E8E24941E43F9A500E2B3FC /* PBXContainerItemProxy */;
		};
/* End PBXTargetDependency section */

/* Begin PBXVariantGroup section */
		1E8E24491E43C6E500E2B3FC /* Main.storyboard */ = {
			isa = PBXVariantGroup;
			children = (
				1E8E244A1E43C6E500E2B3FC /* Base */,
			);
			name = Main.storyboard;
			sourceTree = "<group>";
		};
/* End PBXVariantGroup section */

/* Begin XCBuildConfiguration section */
		1E8E24631E43C6E500E2B3FC /* Debug */ = {
			isa = XCBuildConfiguration;
			buildSettings = {
				ALWAYS_SEARCH_USER_PATHS = NO;
				CLANG_ANALYZER_NONNULL = YES;
				CLANG_CXX_LANGUAGE_STANDARD = "gnu++0x";
				CLANG_CXX_LIBRARY = "libc++";
				CLANG_ENABLE_MODULES = YES;
				CLANG_ENABLE_OBJC_ARC = YES;
				CLANG_WARN_BOOL_CONVERSION = YES;
				CLANG_WARN_CONSTANT_CONVERSION = YES;
				CLANG_WARN_DIRECT_OBJC_ISA_USAGE = YES_ERROR;
				CLANG_WARN_DOCUMENTATION_COMMENTS = YES;
				CLANG_WARN_EMPTY_BODY = YES;
				CLANG_WARN_ENUM_CONVERSION = YES;
				CLANG_WARN_INFINITE_RECURSION = YES;
				CLANG_WARN_INT_CONVERSION = YES;
				CLANG_WARN_OBJC_ROOT_CLASS = YES_ERROR;
				CLANG_WARN_SUSPICIOUS_MOVE = YES;
				CLANG_WARN_UNREACHABLE_CODE = YES;
				CLANG_WARN__DUPLICATE_METHOD_MATCH = YES;
				CODE_SIGN_IDENTITY = "-";
				COPY_PHASE_STRIP = NO;
				DEBUG_INFORMATION_FORMAT = dwarf;
				ENABLE_STRICT_OBJC_MSGSEND = YES;
				ENABLE_TESTABILITY = YES;
				GCC_C_LANGUAGE_STANDARD = gnu99;
				GCC_DYNAMIC_NO_PIC = NO;
				GCC_NO_COMMON_BLOCKS = YES;
				GCC_OPTIMIZATION_LEVEL = 0;
				GCC_PREPROCESSOR_DEFINITIONS = (
					"DEBUG=1",
					"$(inherited)",
				);
				GCC_WARN_64_TO_32_BIT_CONVERSION = YES;
				GCC_WARN_ABOUT_RETURN_TYPE = YES_ERROR;
				GCC_WARN_UNDECLARED_SELECTOR = YES;
				GCC_WARN_UNINITIALIZED_AUTOS = YES_AGGRESSIVE;
				GCC_WARN_UNUSED_FUNCTION = YES;
				GCC_WARN_UNUSED_VARIABLE = YES;
				MACOSX_DEPLOYMENT_TARGET = 10.10;
				MTL_ENABLE_DEBUG_INFO = YES;
				ONLY_ACTIVE_ARCH = YES;
				SDKROOT = macosx;
				SWIFT_ACTIVE_COMPILATION_CONDITIONS = DEBUG;
				SWIFT_OPTIMIZATION_LEVEL = "-Onone";
			};
			name = Debug;
		};
		1E8E24641E43C6E500E2B3FC /* Release */ = {
			isa = XCBuildConfiguration;
			buildSettings = {
				ALWAYS_SEARCH_USER_PATHS = NO;
				CLANG_ANALYZER_NONNULL = YES;
				CLANG_CXX_LANGUAGE_STANDARD = "gnu++0x";
				CLANG_CXX_LIBRARY = "libc++";
				CLANG_ENABLE_MODULES = YES;
				CLANG_ENABLE_OBJC_ARC = YES;
				CLANG_WARN_BOOL_CONVERSION = YES;
				CLANG_WARN_CONSTANT_CONVERSION = YES;
				CLANG_WARN_DIRECT_OBJC_ISA_USAGE = YES_ERROR;
				CLANG_WARN_DOCUMENTATION_COMMENTS = YES;
				CLANG_WARN_EMPTY_BODY = YES;
				CLANG_WARN_ENUM_CONVERSION = YES;
				CLANG_WARN_INFINITE_RECURSION = YES;
				CLANG_WARN_INT_CONVERSION = YES;
				CLANG_WARN_OBJC_ROOT_CLASS = YES_ERROR;
				CLANG_WARN_SUSPICIOUS_MOVE = YES;
				CLANG_WARN_UNREACHABLE_CODE = YES;
				CLANG_WARN__DUPLICATE_METHOD_MATCH = YES;
				CODE_SIGN_IDENTITY = "-";
				COPY_PHASE_STRIP = NO;
				DEBUG_INFORMATION_FORMAT = "dwarf-with-dsym";
				ENABLE_NS_ASSERTIONS = NO;
				ENABLE_STRICT_OBJC_MSGSEND = YES;
				GCC_C_LANGUAGE_STANDARD = gnu99;
				GCC_NO_COMMON_BLOCKS = YES;
				GCC_WARN_64_TO_32_BIT_CONVERSION = YES;
				GCC_WARN_ABOUT_RETURN_TYPE = YES_ERROR;
				GCC_WARN_UNDECLARED_SELECTOR = YES;
				GCC_WARN_UNINITIALIZED_AUTOS = YES_AGGRESSIVE;
				GCC_WARN_UNUSED_FUNCTION = YES;
				GCC_WARN_UNUSED_VARIABLE = YES;
				MACOSX_DEPLOYMENT_TARGET = 10.10;
				MTL_ENABLE_DEBUG_INFO = NO;
				SDKROOT = macosx;
				SWIFT_OPTIMIZATION_LEVEL = "-Owholemodule";
			};
			name = Release;
		};
		1E8E24661E43C6E500E2B3FC /* Debug */ = {
			isa = XCBuildConfiguration;
			buildSettings = {
				ALWAYS_EMBED_SWIFT_STANDARD_LIBRARIES = YES;
				ASSETCATALOG_COMPILER_APPICON_NAME = AppIcon;
				COMBINE_HIDPI_IMAGES = YES;
				CURRENT_PROJECT_VERSION = 0.1.0;
				INFOPLIST_FILE = controll/Info.plist;
				LD_RUNPATH_SEARCH_PATHS = "$(inherited) @executable_path/../Frameworks";
				MACOSX_DEPLOYMENT_TARGET = 10.10;
				ONLY_ACTIVE_ARCH = NO;
				PRODUCT_BUNDLE_IDENTIFIER = com.i2pd.controll;
				PRODUCT_NAME = "$(TARGET_NAME)";
				SWIFT_VERSION = 3.0;
				VERSIONING_SYSTEM = "apple-generic";
			};
			name = Debug;
		};
		1E8E24671E43C6E500E2B3FC /* Release */ = {
			isa = XCBuildConfiguration;
			buildSettings = {
				ALWAYS_EMBED_SWIFT_STANDARD_LIBRARIES = YES;
				ASSETCATALOG_COMPILER_APPICON_NAME = AppIcon;
				COMBINE_HIDPI_IMAGES = YES;
				CURRENT_PROJECT_VERSION = 0.1.0;
				INFOPLIST_FILE = controll/Info.plist;
				LD_RUNPATH_SEARCH_PATHS = "$(inherited) @executable_path/../Frameworks";
				MACOSX_DEPLOYMENT_TARGET = 10.10;
				ONLY_ACTIVE_ARCH = YES;
				PRODUCT_BUNDLE_IDENTIFIER = com.i2pd.controll;
				PRODUCT_NAME = "$(TARGET_NAME)";
				SWIFT_VERSION = 3.0;
				VERSIONING_SYSTEM = "apple-generic";
			};
			name = Release;
		};
		1E8E24691E43C6E500E2B3FC /* Debug */ = {
			isa = XCBuildConfiguration;
			buildSettings = {
				ALWAYS_EMBED_SWIFT_STANDARD_LIBRARIES = YES;
				BUNDLE_LOADER = "$(TEST_HOST)";
				COMBINE_HIDPI_IMAGES = YES;
				INFOPLIST_FILE = controllTests/Info.plist;
				LD_RUNPATH_SEARCH_PATHS = "$(inherited) @executable_path/../Frameworks @loader_path/../Frameworks";
				PRODUCT_BUNDLE_IDENTIFIER = com.i2pd.controllTests;
				PRODUCT_NAME = "$(TARGET_NAME)";
				SWIFT_VERSION = 3.0;
				TEST_HOST = "$(BUILT_PRODUCTS_DIR)/controll.app/Contents/MacOS/controll";
			};
			name = Debug;
		};
		1E8E246A1E43C6E500E2B3FC /* Release */ = {
			isa = XCBuildConfiguration;
			buildSettings = {
				ALWAYS_EMBED_SWIFT_STANDARD_LIBRARIES = YES;
				BUNDLE_LOADER = "$(TEST_HOST)";
				COMBINE_HIDPI_IMAGES = YES;
				INFOPLIST_FILE = controllTests/Info.plist;
				LD_RUNPATH_SEARCH_PATHS = "$(inherited) @executable_path/../Frameworks @loader_path/../Frameworks";
				PRODUCT_BUNDLE_IDENTIFIER = com.i2pd.controllTests;
				PRODUCT_NAME = "$(TARGET_NAME)";
				SWIFT_VERSION = 3.0;
				TEST_HOST = "$(BUILT_PRODUCTS_DIR)/controll.app/Contents/MacOS/controll";
			};
			name = Release;
		};
		1E8E246C1E43C6E500E2B3FC /* Debug */ = {
			isa = XCBuildConfiguration;
			buildSettings = {
				ALWAYS_EMBED_SWIFT_STANDARD_LIBRARIES = YES;
				COMBINE_HIDPI_IMAGES = YES;
				INFOPLIST_FILE = controllUITests/Info.plist;
				LD_RUNPATH_SEARCH_PATHS = "$(inherited) @executable_path/../Frameworks @loader_path/../Frameworks";
				PRODUCT_BUNDLE_IDENTIFIER = com.i2pd.controllUITests;
				PRODUCT_NAME = "$(TARGET_NAME)";
				SWIFT_VERSION = 3.0;
				TEST_TARGET_NAME = controll;
			};
			name = Debug;
		};
		1E8E246D1E43C6E500E2B3FC /* Release */ = {
			isa = XCBuildConfiguration;
			buildSettings = {
				ALWAYS_EMBED_SWIFT_STANDARD_LIBRARIES = YES;
				COMBINE_HIDPI_IMAGES = YES;
				INFOPLIST_FILE = controllUITests/Info.plist;
				LD_RUNPATH_SEARCH_PATHS = "$(inherited) @executable_path/../Frameworks @loader_path/../Frameworks";
				PRODUCT_BUNDLE_IDENTIFIER = com.i2pd.controllUITests;
				PRODUCT_NAME = "$(TARGET_NAME)";
				SWIFT_VERSION = 3.0;
				TEST_TARGET_NAME = controll;
			};
			name = Release;
		};
/* End XCBuildConfiguration section */

/* Begin XCConfigurationList section */
		1E8E243B1E43C6E500E2B3FC /* Build configuration list for PBXProject "controll" */ = {
			isa = XCConfigurationList;
			buildConfigurations = (
				1E8E24631E43C6E500E2B3FC /* Debug */,
				1E8E24641E43C6E500E2B3FC /* Release */,
			);
			defaultConfigurationIsVisible = 0;
			defaultConfigurationName = Release;
		};
		1E8E24651E43C6E500E2B3FC /* Build configuration list for PBXNativeTarget "controll" */ = {
			isa = XCConfigurationList;
			buildConfigurations = (
				1E8E24661E43C6E500E2B3FC /* Debug */,
				1E8E24671E43C6E500E2B3FC /* Release */,
			);
			defaultConfigurationIsVisible = 0;
			defaultConfigurationName = Release;
		};
		1E8E24681E43C6E500E2B3FC /* Build configuration list for PBXNativeTarget "controllTests" */ = {
			isa = XCConfigurationList;
			buildConfigurations = (
				1E8E24691E43C6E500E2B3FC /* Debug */,
				1E8E246A1E43C6E500E2B3FC /* Release */,
			);
			defaultConfigurationIsVisible = 0;
			defaultConfigurationName = Release;
		};
		1E8E246B1E43C6E500E2B3FC /* Build configuration list for PBXNativeTarget "controllUITests" */ = {
			isa = XCConfigurationList;
			buildConfigurations = (
				1E8E246C1E43C6E500E2B3FC /* Debug */,
				1E8E246D1E43C6E500E2B3FC /* Release */,
			);
			defaultConfigurationIsVisible = 0;
			defaultConfigurationName = Release;
		};
/* End XCConfigurationList section */
	};
	rootObject = 1E8E24381E43C6E500E2B3FC /* Project object */;
}
